
Microsoft Visual Studio Solution File, Format Version 12.00
# Visual Studio Version 17
VisualStudioVersion = 17.0.31903.59
MinimumVisualStudioVersion = 10.0.40219.1
Project("{9A19103F-16F7-4668-BE54-9A1E7A4F7556}") = "Andy.Tools", "src\Andy.Tools\Andy.Tools.csproj", "{A1A1A1A1-A1A1-A1A1-A1A1-A1A1A1A1A1A1}"
EndProject
Project("{9A19103F-16F7-4668-BE54-9A1E7A4F7556}") = "Andy.Tools.Tests", "tests\Andy.Tools.Tests\Andy.Tools.Tests.csproj", "{B2B2B2B2-B2B2-B2B2-B2B2-B2B2B2B2B2B2}"
EndProject
Project("{9A19103F-16F7-4668-BE54-9A1E7A4F7556}") = "Andy.Tools.Examples", "examples\Andy.Tools.Examples\Andy.Tools.Examples.csproj", "{C3C3C3C3-C3C3-C3C3-C3C3-C3C3C3C3C3C3}"
EndProject
Project("{2150E333-8FDC-42A3-9474-1A3956D46DE8}") = "src", "src", "{827E0CD3-B72D-47B6-A68D-7590B98EB39B}"
EndProject
Project("{FAE04EC0-301F-11D3-BF4B-00C04F79EFBC}") = "Andy.Tools.Mcp", "src\Andy.Tools.Mcp\Andy.Tools.Mcp.csproj", "{B8DBDE87-1506-47B2-87D8-4A479A1EF4EB}"
EndProject
Project("{2150E333-8FDC-42A3-9474-1A3956D46DE8}") = "tests", "tests", "{0AB3BF05-4346-4AA6-1389-037BE0695223}"
EndProject
Project("{FAE04EC0-301F-11D3-BF4B-00C04F79EFBC}") = "Andy.Tools.Mcp.Tests", "tests\Andy.Tools.Mcp.Tests\Andy.Tools.Mcp.Tests.csproj", "{82CC0C16-607B-46DD-9D00-92443000C68D}"
EndProject
Global
	GlobalSection(SolutionConfigurationPlatforms) = preSolution
		Debug|Any CPU = Debug|Any CPU
		Debug|x64 = Debug|x64
		Debug|x86 = Debug|x86
		Release|Any CPU = Release|Any CPU
		Release|x64 = Release|x64
		Release|x86 = Release|x86
	EndGlobalSection
	GlobalSection(ProjectConfigurationPlatforms) = postSolution
		{A1A1A1A1-A1A1-A1A1-A1A1-A1A1A1A1A1A1}.Debug|Any CPU.ActiveCfg = Debug|Any CPU
		{A1A1A1A1-A1A1-A1A1-A1A1-A1A1A1A1A1A1}.Debug|Any CPU.Build.0 = Debug|Any CPU
		{A1A1A1A1-A1A1-A1A1-A1A1-A1A1A1A1A1A1}.Debug|x64.ActiveCfg = Debug|Any CPU
		{A1A1A1A1-A1A1-A1A1-A1A1-A1A1A1A1A1A1}.Debug|x64.Build.0 = Debug|Any CPU
		{A1A1A1A1-A1A1-A1A1-A1A1-A1A1A1A1A1A1}.Debug|x86.ActiveCfg = Debug|Any CPU
		{A1A1A1A1-A1A1-A1A1-A1A1-A1A1A1A1A1A1}.Debug|x86.Build.0 = Debug|Any CPU
		{A1A1A1A1-A1A1-A1A1-A1A1-A1A1A1A1A1A1}.Release|Any CPU.ActiveCfg = Release|Any CPU
		{A1A1A1A1-A1A1-A1A1-A1A1-A1A1A1A1A1A1}.Release|Any CPU.Build.0 = Release|Any CPU
		{A1A1A1A1-A1A1-A1A1-A1A1-A1A1A1A1A1A1}.Release|x64.ActiveCfg = Release|Any CPU
		{A1A1A1A1-A1A1-A1A1-A1A1-A1A1A1A1A1A1}.Release|x64.Build.0 = Release|Any CPU
		{A1A1A1A1-A1A1-A1A1-A1A1-A1A1A1A1A1A1}.Release|x86.ActiveCfg = Release|Any CPU
		{A1A1A1A1-A1A1-A1A1-A1A1-A1A1A1A1A1A1}.Release|x86.Build.0 = Release|Any CPU
		{B2B2B2B2-B2B2-B2B2-B2B2-B2B2B2B2B2B2}.Debug|Any CPU.ActiveCfg = Debug|Any CPU
		{B2B2B2B2-B2B2-B2B2-B2B2-B2B2B2B2B2B2}.Debug|Any CPU.Build.0 = Debug|Any CPU
		{B2B2B2B2-B2B2-B2B2-B2B2-B2B2B2B2B2B2}.Debug|x64.ActiveCfg = Debug|Any CPU
		{B2B2B2B2-B2B2-B2B2-B2B2-B2B2B2B2B2B2}.Debug|x64.Build.0 = Debug|Any CPU
		{B2B2B2B2-B2B2-B2B2-B2B2-B2B2B2B2B2B2}.Debug|x86.ActiveCfg = Debug|Any CPU
		{B2B2B2B2-B2B2-B2B2-B2B2-B2B2B2B2B2B2}.Debug|x86.Build.0 = Debug|Any CPU
		{B2B2B2B2-B2B2-B2B2-B2B2-B2B2B2B2B2B2}.Release|Any CPU.ActiveCfg = Release|Any CPU
		{B2B2B2B2-B2B2-B2B2-B2B2-B2B2B2B2B2B2}.Release|Any CPU.Build.0 = Release|Any CPU
		{B2B2B2B2-B2B2-B2B2-B2B2-B2B2B2B2B2B2}.Release|x64.ActiveCfg = Release|Any CPU
		{B2B2B2B2-B2B2-B2B2-B2B2-B2B2B2B2B2B2}.Release|x64.Build.0 = Release|Any CPU
		{B2B2B2B2-B2B2-B2B2-B2B2-B2B2B2B2B2B2}.Release|x86.ActiveCfg = Release|Any CPU
		{B2B2B2B2-B2B2-B2B2-B2B2-B2B2B2B2B2B2}.Release|x86.Build.0 = Release|Any CPU
		{C3C3C3C3-C3C3-C3C3-C3C3-C3C3C3C3C3C3}.Debug|Any CPU.ActiveCfg = Debug|Any CPU
		{C3C3C3C3-C3C3-C3C3-C3C3-C3C3C3C3C3C3}.Debug|Any CPU.Build.0 = Debug|Any CPU
		{C3C3C3C3-C3C3-C3C3-C3C3-C3C3C3C3C3C3}.Debug|x64.ActiveCfg = Debug|Any CPU
		{C3C3C3C3-C3C3-C3C3-C3C3-C3C3C3C3C3C3}.Debug|x64.Build.0 = Debug|Any CPU
		{C3C3C3C3-C3C3-C3C3-C3C3-C3C3C3C3C3C3}.Debug|x86.ActiveCfg = Debug|Any CPU
		{C3C3C3C3-C3C3-C3C3-C3C3-C3C3C3C3C3C3}.Debug|x86.Build.0 = Debug|Any CPU
		{C3C3C3C3-C3C3-C3C3-C3C3-C3C3C3C3C3C3}.Release|Any CPU.ActiveCfg = Release|Any CPU
		{C3C3C3C3-C3C3-C3C3-C3C3-C3C3C3C3C3C3}.Release|Any CPU.Build.0 = Release|Any CPU
		{C3C3C3C3-C3C3-C3C3-C3C3-C3C3C3C3C3C3}.Release|x64.ActiveCfg = Release|Any CPU
		{C3C3C3C3-C3C3-C3C3-C3C3-C3C3C3C3C3C3}.Release|x64.Build.0 = Release|Any CPU
		{C3C3C3C3-C3C3-C3C3-C3C3-C3C3C3C3C3C3}.Release|x86.ActiveCfg = Release|Any CPU
		{C3C3C3C3-C3C3-C3C3-C3C3-C3C3C3C3C3C3}.Release|x86.Build.0 = Release|Any CPU
		{B8DBDE87-1506-47B2-87D8-4A479A1EF4EB}.Debug|Any CPU.ActiveCfg = Debug|Any CPU
		{B8DBDE87-1506-47B2-87D8-4A479A1EF4EB}.Debug|Any CPU.Build.0 = Debug|Any CPU
		{B8DBDE87-1506-47B2-87D8-4A479A1EF4EB}.Debug|x64.ActiveCfg = Debug|Any CPU
		{B8DBDE87-1506-47B2-87D8-4A479A1EF4EB}.Debug|x64.Build.0 = Debug|Any CPU
		{B8DBDE87-1506-47B2-87D8-4A479A1EF4EB}.Debug|x86.ActiveCfg = Debug|Any CPU
		{B8DBDE87-1506-47B2-87D8-4A479A1EF4EB}.Debug|x86.Build.0 = Debug|Any CPU
		{B8DBDE87-1506-47B2-87D8-4A479A1EF4EB}.Release|Any CPU.ActiveCfg = Release|Any CPU
		{B8DBDE87-1506-47B2-87D8-4A479A1EF4EB}.Release|Any CPU.Build.0 = Release|Any CPU
		{B8DBDE87-1506-47B2-87D8-4A479A1EF4EB}.Release|x64.ActiveCfg = Release|Any CPU
		{B8DBDE87-1506-47B2-87D8-4A479A1EF4EB}.Release|x64.Build.0 = Release|Any CPU
		{B8DBDE87-1506-47B2-87D8-4A479A1EF4EB}.Release|x86.ActiveCfg = Release|Any CPU
		{B8DBDE87-1506-47B2-87D8-4A479A1EF4EB}.Release|x86.Build.0 = Release|Any CPU
		{82CC0C16-607B-46DD-9D00-92443000C68D}.Debug|Any CPU.ActiveCfg = Debug|Any CPU
		{82CC0C16-607B-46DD-9D00-92443000C68D}.Debug|Any CPU.Build.0 = Debug|Any CPU
		{82CC0C16-607B-46DD-9D00-92443000C68D}.Debug|x64.ActiveCfg = Debug|Any CPU
		{82CC0C16-607B-46DD-9D00-92443000C68D}.Debug|x64.Build.0 = Debug|Any CPU
		{82CC0C16-607B-46DD-9D00-92443000C68D}.Debug|x86.ActiveCfg = Debug|Any CPU
		{82CC0C16-607B-46DD-9D00-92443000C68D}.Debug|x86.Build.0 = Debug|Any CPU
		{82CC0C16-607B-46DD-9D00-92443000C68D}.Release|Any CPU.ActiveCfg = Release|Any CPU
		{82CC0C16-607B-46DD-9D00-92443000C68D}.Release|Any CPU.Build.0 = Release|Any CPU
		{82CC0C16-607B-46DD-9D00-92443000C68D}.Release|x64.ActiveCfg = Release|Any CPU
		{82CC0C16-607B-46DD-9D00-92443000C68D}.Release|x64.Build.0 = Release|Any CPU
		{82CC0C16-607B-46DD-9D00-92443000C68D}.Release|x86.ActiveCfg = Release|Any CPU
		{82CC0C16-607B-46DD-9D00-92443000C68D}.Release|x86.Build.0 = Release|Any CPU
	EndGlobalSection
	GlobalSection(SolutionProperties) = preSolution
		HideSolutionNode = FALSE
	EndGlobalSection
	GlobalSection(NestedProjects) = preSolution
		{B8DBDE87-1506-47B2-87D8-4A479A1EF4EB} = {827E0CD3-B72D-47B6-A68D-7590B98EB39B}
		{82CC0C16-607B-46DD-9D00-92443000C68D} = {0AB3BF05-4346-4AA6-1389-037BE0695223}
	EndGlobalSection
	GlobalSection(ExtensibilityGlobals) = postSolution
		SolutionGuid = {C3C3C3C3-C3C3-C3C3-C3C3-C3C3C3C3C3C3}
	EndGlobalSection
EndGlobal
